{
  "name": "content-manager",
  "lockfileVersion": 3,
  "requires": true,
  "packages": {
    "": {
      "dependencies": {
        "dompurify": "^3.2.6",
        "html-react-parser": "^5.2.6",
        "preact": "^10.27.0",
        "quill": "^2.0.3",
        "sortablejs": "^1.15.6",
        "tippy.js": "^6.3.7",
        "tom-select": "^2.4.3",
        "zustand": "^5.0.3"
      }
    },
    "node_modules/@orchidjs/sifter": {
      "version": "1.1.0",
      "resolved": "https://registry.npmjs.org/@orchidjs/sifter/-/sifter-1.1.0.tgz",
      "integrity": "sha512-mYwHCfr736cIWWdhhSZvDbf90AKt2xyrJspKFC3qyIJG1LtrJeJunYEqCGG4Aq2ijENbc4WkOjszcvNaIAS/pQ==",
      "license": "Apache-2.0",
      "dependencies": {
        "@orchidjs/unicode-variants": "^1.1.2"
      }
    },
    "node_modules/@orchidjs/unicode-variants": {
      "version": "1.1.2",
      "resolved": "https://registry.npmjs.org/@orchidjs/unicode-variants/-/unicode-variants-1.1.2.tgz",
      "integrity": "sha512-5DobW1CHgnBROOEpFlEXytED5OosEWESFvg/VYmH0143oXcijYTprRYJTs+55HzGM4IqxiLFSuqEzu9mPNwVsA==",
      "license": "Apache-2.0"
    },
    "node_modules/@popperjs/core": {
      "version": "2.11.8",
      "resolved": "https://registry.npmjs.org/@popperjs/core/-/core-2.11.8.tgz",
      "integrity": "sha512-P1st0aksCrn9sGZhp8GMYwBnQsbvAWsZAX44oXNNvLHGqAOcoVxmjZiohstwQ7SqKnbR47akdNi+uleWD8+g6A==",
      "license": "MIT",
      "funding": {
        "type": "opencollective",
        "url": "https://opencollective.com/popperjs"
      }
    },
    "node_modules/@types/trusted-types": {
      "version": "2.0.7",
      "resolved": "https://registry.npmjs.org/@types/trusted-types/-/trusted-types-2.0.7.tgz",
      "integrity": "sha512-ScaPdn1dQczgbl0QFTeTOmVHFULt394XJgOQNoyVhZ6r2vLnMLJfBPd53SB52T/3G36VI1/g2MZaX0cwDuXsfw==",
      "license": "MIT",
      "optional": true
    },
    "node_modules/dom-serializer": {
      "version": "2.0.0",
      "resolved": "https://registry.npmjs.org/dom-serializer/-/dom-serializer-2.0.0.tgz",
      "integrity": "sha512-wIkAryiqt/nV5EQKqQpo3SToSOV9J0DnbJqwK7Wv/Trc92zIAYZ4FlMu+JPFW1DfGFt81ZTCGgDEabffXeLyJg==",
      "license": "MIT",
      "dependencies": {
        "domelementtype": "^2.3.0",
        "domhandler": "^5.0.2",
        "entities": "^4.2.0"
      },
      "funding": {
        "url": "https://github.com/cheeriojs/dom-serializer?sponsor=1"
      }
    },
    "node_modules/dom-serializer/node_modules/entities": {
      "version": "4.5.0",
      "resolved": "https://registry.npmjs.org/entities/-/entities-4.5.0.tgz",
      "integrity": "sha512-V0hjH4dGPh9Ao5p0MoRY6BVqtwCjhz6vI5LT8AJ55H+4g9/4vbHx1I54fS0XuclLhDHArPQCiMjDxjaL8fPxhw==",
      "license": "BSD-2-Clause",
      "engines": {
        "node": ">=0.12"
      },
      "funding": {
        "url": "https://github.com/fb55/entities?sponsor=1"
      }
    },
    "node_modules/domelementtype": {
      "version": "2.3.0",
      "resolved": "https://registry.npmjs.org/domelementtype/-/domelementtype-2.3.0.tgz",
      "integrity": "sha512-OLETBj6w0OsagBwdXnPdN0cnMfF9opN69co+7ZrbfPGrdpPVNBUj02spi6B1N7wChLQiPn4CSH/zJvXw56gmHw==",
      "funding": [
        {
          "type": "github",
          "url": "https://github.com/sponsors/fb55"
        }
      ],
      "license": "BSD-2-Clause"
    },
    "node_modules/domhandler": {
      "version": "5.0.3",
      "resolved": "https://registry.npmjs.org/domhandler/-/domhandler-5.0.3.tgz",
      "integrity": "sha512-cgwlv/1iFQiFnU96XXgROh8xTeetsnJiDsTc7TYCLFd9+/WNkIqPTxiM/8pSd8VIrhXGTf1Ny1q1hquVqDJB5w==",
      "license": "BSD-2-Clause",
      "dependencies": {
        "domelementtype": "^2.3.0"
      },
      "engines": {
        "node": ">= 4"
      },
      "funding": {
        "url": "https://github.com/fb55/domhandler?sponsor=1"
      }
    },
    "node_modules/dompurify": {
      "version": "3.2.6",
      "resolved": "https://registry.npmjs.org/dompurify/-/dompurify-3.2.6.tgz",
      "integrity": "sha512-/2GogDQlohXPZe6D6NOgQvXLPSYBqIWMnZ8zzOhn09REE4eyAzb+Hed3jhoM9OkuaJ8P6ZGTTVWQKAi8ieIzfQ==",
      "license": "(MPL-2.0 OR Apache-2.0)",
      "optionalDependencies": {
        "@types/trusted-types": "^2.0.7"
      }
    },
    "node_modules/domutils": {
      "version": "3.2.2",
      "resolved": "https://registry.npmjs.org/domutils/-/domutils-3.2.2.tgz",
      "integrity": "sha512-6kZKyUajlDuqlHKVX1w7gyslj9MPIXzIFiz/rGu35uC1wMi+kMhQwGhl4lt9unC9Vb9INnY9Z3/ZA3+FhASLaw==",
      "license": "BSD-2-Clause",
      "dependencies": {
        "dom-serializer": "^2.0.0",
        "domelementtype": "^2.3.0",
        "domhandler": "^5.0.3"
      },
      "funding": {
        "url": "https://github.com/fb55/domutils?sponsor=1"
      }
    },
    "node_modules/entities": {
      "version": "6.0.1",
      "resolved": "https://registry.npmjs.org/entities/-/entities-6.0.1.tgz",
      "integrity": "sha512-aN97NXWF6AWBTahfVOIrB/NShkzi5H7F9r1s9mD3cDj4Ko5f2qhhVoYMibXF7GlLveb/D2ioWay8lxI97Ven3g==",
      "license": "BSD-2-Clause",
      "engines": {
        "node": ">=0.12"
      },
      "funding": {
        "url": "https://github.com/fb55/entities?sponsor=1"
      }
    },
    "node_modules/eventemitter3": {
      "version": "5.0.1",
      "resolved": "https://registry.npmjs.org/eventemitter3/-/eventemitter3-5.0.1.tgz",
      "integrity": "sha512-GWkBvjiSZK87ELrYOSESUYeVIc9mvLLf/nXalMOS5dYrgZq9o5OVkbZAVM06CVxYsCwH9BDZFPlQTlPA1j4ahA==",
      "license": "MIT"
    },
    "node_modules/fast-diff": {
      "version": "1.3.0",
      "resolved": "https://registry.npmjs.org/fast-diff/-/fast-diff-1.3.0.tgz",
      "integrity": "sha512-VxPP4NqbUjj6MaAOafWeUn2cXWLcCtljklUtZf0Ind4XQ+QPtmA0b18zZy0jIQx+ExRVCR/ZQpBmik5lXshNsw==",
      "license": "Apache-2.0"
    },
    "node_modules/html-dom-parser": {
      "version": "5.1.1",
      "resolved": "https://registry.npmjs.org/html-dom-parser/-/html-dom-parser-5.1.1.tgz",
      "integrity": "sha512-+o4Y4Z0CLuyemeccvGN4bAO20aauB2N9tFEAep5x4OW34kV4PTarBHm6RL02afYt2BMKcr0D2Agep8S3nJPIBg==",
      "license": "MIT",
      "dependencies": {
        "domhandler": "5.0.3",
        "htmlparser2": "10.0.0"
      }
    },
    "node_modules/html-react-parser": {
      "version": "5.2.6",
      "resolved": "https://registry.npmjs.org/html-react-parser/-/html-react-parser-5.2.6.tgz",
      "integrity": "sha512-qcpPWLaSvqXi+TndiHbCa+z8qt0tVzjMwFGFBAa41ggC+ZA5BHaMIeMJla9g3VSp4SmiZb9qyQbmbpHYpIfPOg==",
      "license": "MIT",
      "dependencies": {
        "domhandler": "5.0.3",
        "html-dom-parser": "5.1.1",
        "react-property": "2.0.2",
        "style-to-js": "1.1.17"
      },
      "peerDependencies": {
        "@types/react": "0.14 || 15 || 16 || 17 || 18 || 19",
        "react": "0.14 || 15 || 16 || 17 || 18 || 19"
      },
      "peerDependenciesMeta": {
        "@types/react": {
          "optional": true
        }
      }
    },
    "node_modules/htmlparser2": {
      "version": "10.0.0",
      "resolved": "https://registry.npmjs.org/htmlparser2/-/htmlparser2-10.0.0.tgz",
      "integrity": "sha512-TwAZM+zE5Tq3lrEHvOlvwgj1XLWQCtaaibSN11Q+gGBAS7Y1uZSWwXXRe4iF6OXnaq1riyQAPFOBtYc77Mxq0g==",
      "funding": [
        "https://github.com/fb55/htmlparser2?sponsor=1",
        {
          "type": "github",
          "url": "https://github.com/sponsors/fb55"
        }
      ],
      "license": "MIT",
      "dependencies": {
        "domelementtype": "^2.3.0",
        "domhandler": "^5.0.3",
        "domutils": "^3.2.1",
        "entities": "^6.0.0"
      }
    },
    "node_modules/inline-style-parser": {
      "version": "0.2.4",
      "resolved": "https://registry.npmjs.org/inline-style-parser/-/inline-style-parser-0.2.4.tgz",
      "integrity": "sha512-0aO8FkhNZlj/ZIbNi7Lxxr12obT7cL1moPfE4tg1LkX7LlLfC6DeX4l2ZEud1ukP9jNQyNnfzQVqwbwmAATY4Q==",
      "license": "MIT"
    },
    "node_modules/lodash-es": {
      "version": "4.17.21",
      "resolved": "https://registry.npmjs.org/lodash-es/-/lodash-es-4.17.21.tgz",
      "integrity": "sha512-mKnC+QJ9pWVzv+C4/U3rRsHapFfHvQFoFB92e52xeyGMcX6/OlIl78je1u8vePzYZSkkogMPJ2yjxxsb89cxyw==",
      "license": "MIT"
    },
    "node_modules/lodash.clonedeep": {
      "version": "4.5.0",
      "resolved": "https://registry.npmjs.org/lodash.clonedeep/-/lodash.clonedeep-4.5.0.tgz",
      "integrity": "sha512-H5ZhCF25riFd9uB5UCkVKo61m3S/xZk1x4wA6yp/L3RFP6Z/eHH1ymQcGLo7J3GMPfm0V/7m1tryHuGVxpqEBQ==",
      "license": "MIT"
    },
    "node_modules/lodash.isequal": {
      "version": "4.5.0",
      "resolved": "https://registry.npmjs.org/lodash.isequal/-/lodash.isequal-4.5.0.tgz",
      "integrity": "sha512-pDo3lu8Jhfjqls6GkMgpahsF9kCyayhgykjyLMNFTKWrpVdAQtYyB4muAMWozBB4ig/dtWAmsMxLEI8wuz+DYQ==",
      "deprecated": "This package is deprecated. Use require('node:util').isDeepStrictEqual instead.",
      "license": "MIT"
    },
    "node_modules/parchment": {
      "version": "3.0.0",
      "resolved": "https://registry.npmjs.org/parchment/-/parchment-3.0.0.tgz",
      "integrity": "sha512-HUrJFQ/StvgmXRcQ1ftY6VEZUq3jA2t9ncFN4F84J/vN0/FPpQF+8FKXb3l6fLces6q0uOHj6NJn+2xvZnxO6A==",
      "license": "BSD-3-Clause"
    },
    "node_modules/preact": {
      "version": "10.27.0",
      "resolved": "https://registry.npmjs.org/preact/-/preact-10.27.0.tgz",
      "integrity": "sha512-/DTYoB6mwwgPytiqQTh/7SFRL98ZdiD8Sk8zIUVOxtwq4oWcwrcd1uno9fE/zZmUaUrFNYzbH14CPebOz9tZQw==",
      "license": "MIT",
      "funding": {
        "type": "opencollective",
        "url": "https://opencollective.com/preact"
      }
    },
    "node_modules/quill": {
      "version": "2.0.3",
      "resolved": "https://registry.npmjs.org/quill/-/quill-2.0.3.tgz",
      "integrity": "sha512-xEYQBqfYx/sfb33VJiKnSJp8ehloavImQ2A6564GAbqG55PGw1dAWUn1MUbQB62t0azawUS2CZZhWCjO8gRvTw==",
      "license": "BSD-3-Clause",
      "dependencies": {
        "eventemitter3": "^5.0.1",
        "lodash-es": "^4.17.21",
        "parchment": "^3.0.0",
        "quill-delta": "^5.1.0"
      },
      "engines": {
        "npm": ">=8.2.3"
      }
    },
    "node_modules/quill-delta": {
      "version": "5.1.0",
      "resolved": "https://registry.npmjs.org/quill-delta/-/quill-delta-5.1.0.tgz",
      "integrity": "sha512-X74oCeRI4/p0ucjb5Ma8adTXd9Scumz367kkMK5V/IatcX6A0vlgLgKbzXWy5nZmCGeNJm2oQX0d2Eqj+ZIlCA==",
      "license": "MIT",
      "dependencies": {
        "fast-diff": "^1.3.0",
        "lodash.clonedeep": "^4.5.0",
        "lodash.isequal": "^4.5.0"
      },
      "engines": {
        "node": ">= 12.0.0"
      }
    },
    "node_modules/react": {
      "version": "19.1.1",
      "resolved": "https://registry.npmjs.org/react/-/react-19.1.1.tgz",
      "integrity": "sha512-w8nqGImo45dmMIfljjMwOGtbmC/mk4CMYhWIicdSflH91J9TyCyczcPFXJzrZ/ZXcgGRFeP6BU0BEJTw6tZdfQ==",
      "license": "MIT",
      "peer": true,
      "engines": {
        "node": ">=0.10.0"
      }
    },
    "node_modules/react-property": {
      "version": "2.0.2",
      "resolved": "https://registry.npmjs.org/react-property/-/react-property-2.0.2.tgz",
      "integrity": "sha512-+PbtI3VuDV0l6CleQMsx2gtK0JZbZKbpdu5ynr+lbsuvtmgbNcS3VM0tuY2QjFNOcWxvXeHjDpy42RO+4U2rug==",
      "license": "MIT"
    },
    "node_modules/sortablejs": {
      "version": "1.15.6",
      "resolved": "https://registry.npmjs.org/sortablejs/-/sortablejs-1.15.6.tgz",
      "integrity": "sha512-aNfiuwMEpfBM/CN6LY0ibyhxPfPbyFeBTYJKCvzkJ2GkUpazIt3H+QIPAMHwqQ7tMKaHz1Qj+rJJCqljnf4p3A==",
      "license": "MIT"
    },
    "node_modules/style-to-js": {
      "version": "1.1.17",
      "resolved": "https://registry.npmjs.org/style-to-js/-/style-to-js-1.1.17.tgz",
      "integrity": "sha512-xQcBGDxJb6jjFCTzvQtfiPn6YvvP2O8U1MDIPNfJQlWMYfktPy+iGsHE7cssjs7y84d9fQaK4UF3RIJaAHSoYA==",
      "license": "MIT",
      "dependencies": {
        "style-to-object": "1.0.9"
      }
    },
    "node_modules/style-to-object": {
      "version": "1.0.9",
      "resolved": "https://registry.npmjs.org/style-to-object/-/style-to-object-1.0.9.tgz",
      "integrity": "sha512-G4qppLgKu/k6FwRpHiGiKPaPTFcG3g4wNVX/Qsfu+RqQM30E7Tyu/TEgxcL9PNLF5pdRLwQdE3YKKf+KF2Dzlw==",
      "license": "MIT",
      "dependencies": {
        "inline-style-parser": "0.2.4"
      }
    },
    "node_modules/tippy.js": {
      "version": "6.3.7",
      "resolved": "https://registry.npmjs.org/tippy.js/-/tippy.js-6.3.7.tgz",
      "integrity": "sha512-E1d3oP2emgJ9dRQZdf3Kkn0qJgI6ZLpyS5z6ZkY1DF3kaQaBsGZsndEpHwx+eC+tYM41HaSNvNtLx8tU57FzTQ==",
      "license": "MIT",
      "dependencies": {
        "@popperjs/core": "^2.9.0"
      }
    },
    "node_modules/tom-select": {
      "version": "2.4.3",
      "resolved": "https://registry.npmjs.org/tom-select/-/tom-select-2.4.3.tgz",
      "integrity": "sha512-MFFrMxP1bpnAMPbdvPCZk0KwYxLqhYZso39torcdoefeV/NThNyDu8dV96/INJ5XQVTL3O55+GqQ78Pkj5oCfw==",
      "license": "Apache-2.0",
      "dependencies": {
        "@orchidjs/sifter": "^1.1.0",
        "@orchidjs/unicode-variants": "^1.1.2"
      },
      "engines": {
        "node": "*"
      },
      "funding": {
        "type": "opencollective",
        "url": "https://opencollective.com/tom-select"
      }
    },
    "node_modules/use-sync-external-store": {
      "version": "1.5.0",
      "resolved": "https://registry.npmjs.org/use-sync-external-store/-/use-sync-external-store-1.5.0.tgz",
      "integrity": "sha512-Rb46I4cGGVBmjamjphe8L/UnvJD+uPPtTkNvX5mZgqdbavhI4EbgIWJiIHXJ8bc/i9EQGPRh4DwEURJ552Do0A==",
      "license": "MIT",
      "optional": true,
      "peer": true,
      "peerDependencies": {
        "react": "^16.8.0 || ^17.0.0 || ^18.0.0 || ^19.0.0"
      }
    },
    "node_modules/zustand": {
      "version": "5.0.7",
      "resolved": "https://registry.npmjs.org/zustand/-/zustand-5.0.7.tgz",
      "integrity": "sha512-Ot6uqHDW/O2VdYsKLLU8GQu8sCOM1LcoE8RwvLv9uuRT9s6SOHCKs0ZEOhxg+I1Ld+A1Q5lwx+UlKXXUoCZITg==",
      "license": "MIT",
      "engines": {
        "node": ">=12.20.0"
      },
      "peerDependencies": {
        "@types/react": ">=18.0.0",
        "immer": ">=9.0.6",
        "react": ">=18.0.0",
        "use-sync-external-store": ">=1.2.0"
      },
      "peerDependenciesMeta": {
        "@types/react": {
          "optional": true
        },
        "immer": {
          "optional": true
        },
        "react": {
          "optional": true
        },
        "use-sync-external-store": {
          "optional": true
        }
      }
    }
  }
}
